
Microsoft Visual Studio Solution File, Format Version 12.00
# Visual Studio 15
VisualStudioVersion = 15.0.28010.2003
MinimumVisualStudioVersion = 10.0.40219.1
Project("{FAE04EC0-301F-11D3-BF4B-00C04F79EFBC}") = "MovieTastic", "MovieTastic\MovieTastic.csproj", "{256BC37C-D965-4251-9D67-587FFAD14099}"
EndProject
Global
	GlobalSection(SolutionConfigurationPlatforms) = preSolution
		Debug|Any CPU = Debug|Any CPU
		Release|Any CPU = Release|Any CPU
	EndGlobalSection
	GlobalSection(ProjectConfigurationPlatforms) = postSolution
		{256BC37C-D965-4251-9D67-587FFAD14099}.Debug|Any CPU.ActiveCfg = Debug|Any CPU
		{256BC37C-D965-4251-9D67-587FFAD14099}.Debug|Any CPU.Build.0 = Debug|Any CPU
		{256BC37C-D965-4251-9D67-587FFAD14099}.Release|Any CPU.ActiveCfg = Release|Any CPU
		{256BC37C-D965-4251-9D67-587FFAD14099}.Release|Any CPU.Build.0 = Release|Any CPU
	EndGlobalSection
	GlobalSection(SolutionProperties) = preSolution
		HideSolutionNode = FALSE
	EndGlobalSection
	GlobalSection(ExtensibilityGlobals) = postSolution
		SolutionGuid = {8297F0AF-DFC6-4A94-A2D5-9F48151A7B16}
	EndGlobalSection
EndGlobal
